
Microsoft Visual Studio Solution File, Format Version 12.00
# Visual Studio Version 16
VisualStudioVersion = 16.0.31105.61
MinimumVisualStudioVersion = 10.0.40219.1
Project("{FAE04EC0-301F-11D3-BF4B-00C04F79EFBC}") = "work", "work.csproj", "{24230634-99C4-4242-B70D-AC761B89FEF3}"
EndProject
Project("{FAE04EC0-301F-11D3-BF4B-00C04F79EFBC}") = "shared", "..\shared\shared.csproj", "{BF7B333B-7EA5-4805-B2BA-B0A8052E8927}"
EndProject
Project("{FAE04EC0-301F-11D3-BF4B-00C04F79EFBC}") = "WebApplication1", "..\WebApplication1\WebApplication1.csproj", "{8D8B362D-EA7B-43B2-AEB8-DF909C4969B8}"
EndProject
Global
	GlobalSection(SolutionConfigurationPlatforms) = preSolution
		Debug|Any CPU = Debug|Any CPU
		Release|Any CPU = Release|Any CPU
	EndGlobalSection
	GlobalSection(ProjectConfigurationPlatforms) = postSolution
		{24230634-99C4-4242-B70D-AC761B89FEF3}.Debug|Any CPU.ActiveCfg = Debug|Any CPU
		{24230634-99C4-4242-B70D-AC761B89FEF3}.Debug|Any CPU.Build.0 = Debug|Any CPU
		{24230634-99C4-4242-B70D-AC761B89FEF3}.Release|Any CPU.ActiveCfg = Release|Any CPU
		{24230634-99C4-4242-B70D-AC761B89FEF3}.Release|Any CPU.Build.0 = Release|Any CPU
		{BF7B333B-7EA5-4805-B2BA-B0A8052E8927}.Debug|Any CPU.ActiveCfg = Debug|Any CPU
		{BF7B333B-7EA5-4805-B2BA-B0A8052E8927}.Debug|Any CPU.Build.0 = Debug|Any CPU
		{BF7B333B-7EA5-4805-B2BA-B0A8052E8927}.Release|Any CPU.ActiveCfg = Release|Any CPU
		{BF7B333B-7EA5-4805-B2BA-B0A8052E8927}.Release|Any CPU.Build.0 = Release|Any CPU
		{8D8B362D-EA7B-43B2-AEB8-DF909C4969B8}.Debug|Any CPU.ActiveCfg = Debug|Any CPU
		{8D8B362D-EA7B-43B2-AEB8-DF909C4969B8}.Debug|Any CPU.Build.0 = Debug|Any CPU
		{8D8B362D-EA7B-43B2-AEB8-DF909C4969B8}.Release|Any CPU.ActiveCfg = Release|Any CPU
		{8D8B362D-EA7B-43B2-AEB8-DF909C4969B8}.Release|Any CPU.Build.0 = Release|Any CPU
	EndGlobalSection
	GlobalSection(SolutionProperties) = preSolution
		HideSolutionNode = FALSE
	EndGlobalSection
	GlobalSection(ExtensibilityGlobals) = postSolution
		SolutionGuid = {C44F86DA-D6F7-481C-9D70-D50EC43C21E0}
	EndGlobalSection
EndGlobal
